// !$*UTF8*$!
{
	archiveVersion = 1;
	classes = {
	};
	objectVersion = 54;
	objects = {

/* Begin PBXBuildFile section */
		63109BEE2C9CD8070025BE4A /* ImageView.m in Sources */ = {isa = PBXBuildFile; fileRef = 63109BED2C9CD8070025BE4A /* ImageView.m */; };
		6368CADA298F261500B7551C /* AppDelegate.m in Sources */ = {isa = PBXBuildFile; fileRef = 6368CAD9298F261500B7551C /* AppDelegate.m */; };
		6368CADC298F261500B7551C /* Assets.xcassets in Resources */ = {isa = PBXBuildFile; fileRef = 6368CADB298F261500B7551C /* Assets.xcassets */; };
		6368CADF298F261500B7551C /* MainMenu.xib in Resources */ = {isa = PBXBuildFile; fileRef = 6368CADD298F261500B7551C /* MainMenu.xib */; };
		6368CAE1298F261500B7551C /* main.m in Sources */ = {isa = PBXBuildFile; fileRef = 6368CAE0298F261500B7551C /* main.m */; };
		6368CB0C298F2EC800B7551C /* QuickLookThumbnailing.framework in Frameworks */ = {isa = PBXBuildFile; fileRef = 6368CB0B298F2EC800B7551C /* QuickLookThumbnailing.framework */; };
		6368CB0D298F2EC800B7551C /* Quartz.framework in Frameworks */ = {isa = PBXBuildFile; fileRef = 6368CAEE298F264300B7551C /* Quartz.framework */; };
		6368CB11298F2EC800B7551C /* ThumbnailProvider.m in Sources */ = {isa = PBXBuildFile; fileRef = 6368CB10298F2EC800B7551C /* ThumbnailProvider.m */; };
		6368CB16298F2EC800B7551C /* ThumbMF3.appex in Embed Foundation Extensions */ = {isa = PBXBuildFile; fileRef = 6368CB0A298F2EC800B7551C /* ThumbMF3.appex */; settings = {ATTRIBUTES = (RemoveHeadersOnCopy, ); }; };
		6368CB20298F356F00B7551C /* ThumbnailGCode.m in Sources */ = {isa = PBXBuildFile; fileRef = 6368CB1E298F356F00B7551C /* ThumbnailGCode.m */; };
		6368CB29298F3FAB00B7551C /* Thumbnail3MF.m in Sources */ = {isa = PBXBuildFile; fileRef = 6368CB28298F3FAB00B7551C /* Thumbnail3MF.m */; };
		6368CB30298F414800B7551C /* unzip.c in Sources */ = {isa = PBXBuildFile; fileRef = 6368CB2B298F414800B7551C /* unzip.c */; settings = {COMPILER_FLAGS = "-Wno-strict-prototypes"; }; };
		6368CB31298F414800B7551C /* ioapi.c in Sources */ = {isa = PBXBuildFile; fileRef = 6368CB2C298F414800B7551C /* ioapi.c */; settings = {COMPILER_FLAGS = "-Wno-strict-prototypes"; }; };
		6368CB34298F42AF00B7551C /* Unzip3MF.m in Sources */ = {isa = PBXBuildFile; fileRef = 6368CB33298F42AF00B7551C /* Unzip3MF.m */; };
		6368CB35298F439D00B7551C /* Unzip3MF.m in Sources */ = {isa = PBXBuildFile; fileRef = 6368CB33298F42AF00B7551C /* Unzip3MF.m */; };
		6368CB36298F43A400B7551C /* unzip.c in Sources */ = {isa = PBXBuildFile; fileRef = 6368CB2B298F414800B7551C /* unzip.c */; settings = {COMPILER_FLAGS = "-Wno-strict-prototypes"; }; };
		6368CB37298F43A700B7551C /* ioapi.c in Sources */ = {isa = PBXBuildFile; fileRef = 6368CB2C298F414800B7551C /* ioapi.c */; settings = {COMPILER_FLAGS = "-Wno-strict-prototypes"; }; };
		6368CB38298F492800B7551C /* ThumbnailGCode.m in Sources */ = {isa = PBXBuildFile; fileRef = 6368CB1E298F356F00B7551C /* ThumbnailGCode.m */; };
		6368CB39298F5BC800B7551C /* Thumbnail3MF.m in Sources */ = {isa = PBXBuildFile; fileRef = 6368CB28298F3FAB00B7551C /* Thumbnail3MF.m */; };
		63CEA49E2B25960A00958BC3 /* ThumbnailBinaryGCode.m in Sources */ = {isa = PBXBuildFile; fileRef = 63CEA49D2B25960A00958BC3 /* ThumbnailBinaryGCode.m */; };
		63CEA49F2B25960A00958BC3 /* ThumbnailBinaryGCode.m in Sources */ = {isa = PBXBuildFile; fileRef = 63CEA49D2B25960A00958BC3 /* ThumbnailBinaryGCode.m */; };
		63CEA4A62B266CBE00958BC3 /* QOIFImageFromData.m in Sources */ = {isa = PBXBuildFile; fileRef = 63CEA4A52B266CBE00958BC3 /* QOIFImageFromData.m */; };
		63CEA4A72B266CBE00958BC3 /* QOIFImageFromData.m in Sources */ = {isa = PBXBuildFile; fileRef = 63CEA4A52B266CBE00958BC3 /* QOIFImageFromData.m */; };
/* End PBXBuildFile section */

/* Begin PBXContainerItemProxy section */
		6368CB14298F2EC800B7551C /* PBXContainerItemProxy */ = {
			isa = PBXContainerItemProxy;
			containerPortal = 6368CACD298F261500B7551C /* Project object */;
			proxyType = 1;
			remoteGlobalIDString = 6368CB09298F2EC800B7551C;
			remoteInfo = 3MFThumb;
		};
/* End PBXContainerItemProxy section */

/* Begin PBXCopyFilesBuildPhase section */
		6368CB02298F264300B7551C /* Embed Foundation Extensions */ = {
			isa = PBXCopyFilesBuildPhase;
			buildActionMask = 2147483647;
			dstPath = "";
			dstSubfolderSpec = 13;
			files = (
				6368CB16298F2EC800B7551C /* ThumbMF3.appex in Embed Foundation Extensions */,
			);
			name = "Embed Foundation Extensions";
			runOnlyForDeploymentPostprocessing = 0;
		};
/* End PBXCopyFilesBuildPhase section */

/* Begin PBXFileReference section */
		63109BEC2C9CD8070025BE4A /* ImageView.h */ = {isa = PBXFileReference; lastKnownFileType = sourcecode.c.h; path = ImageView.h; sourceTree = "<group>"; };
		63109BED2C9CD8070025BE4A /* ImageView.m */ = {isa = PBXFileReference; lastKnownFileType = sourcecode.c.objc; path = ImageView.m; sourceTree = "<group>"; };
		6330CDE22D4EF7840078E5F6 /* ReadMe - minizip.md */ = {isa = PBXFileReference; lastKnownFileType = net.daringfireball.markdown; path = "ReadMe - minizip.md"; sourceTree = "<group>"; };
		6368CAD5298F261500B7551C /* ThumbHost3mf.app */ = {isa = PBXFileReference; explicitFileType = wrapper.application; includeInIndex = 0; path = ThumbHost3mf.app; sourceTree = BUILT_PRODUCTS_DIR; };
		6368CAD8298F261500B7551C /* AppDelegate.h */ = {isa = PBXFileReference; lastKnownFileType = sourcecode.c.h; path = AppDelegate.h; sourceTree = "<group>"; };
		6368CAD9298F261500B7551C /* AppDelegate.m */ = {isa = PBXFileReference; lastKnownFileType = sourcecode.c.objc; path = AppDelegate.m; sourceTree = "<group>"; };
		6368CADB298F261500B7551C /* Assets.xcassets */ = {isa = PBXFileReference; lastKnownFileType = folder.assetcatalog; path = Assets.xcassets; sourceTree = "<group>"; };
		6368CADE298F261500B7551C /* Base */ = {isa = PBXFileReference; lastKnownFileType = file.xib; name = Base; path = Base.lproj/MainMenu.xib; sourceTree = "<group>"; };
		6368CAE0298F261500B7551C /* main.m */ = {isa = PBXFileReference; lastKnownFileType = sourcecode.c.objc; path = main.m; sourceTree = "<group>"; };
		6368CAEE298F264300B7551C /* Quartz.framework */ = {isa = PBXFileReference; lastKnownFileType = wrapper.framework; name = Quartz.framework; path = System/Library/Frameworks/Quartz.framework; sourceTree = SDKROOT; };
		6368CB0A298F2EC800B7551C /* ThumbMF3.appex */ = {isa = PBXFileReference; explicitFileType = "wrapper.app-extension"; includeInIndex = 0; path = ThumbMF3.appex; sourceTree = BUILT_PRODUCTS_DIR; };
		6368CB0B298F2EC800B7551C /* QuickLookThumbnailing.framework */ = {isa = PBXFileReference; lastKnownFileType = wrapper.framework; name = QuickLookThumbnailing.framework; path = System/Library/Frameworks/QuickLookThumbnailing.framework; sourceTree = SDKROOT; };
		6368CB0F298F2EC800B7551C /* ThumbnailProvider.h */ = {isa = PBXFileReference; lastKnownFileType = sourcecode.c.h; path = ThumbnailProvider.h; sourceTree = "<group>"; };
		6368CB10298F2EC800B7551C /* ThumbnailProvider.m */ = {isa = PBXFileReference; lastKnownFileType = sourcecode.c.objc; path = ThumbnailProvider.m; sourceTree = "<group>"; };
		6368CB12298F2EC800B7551C /* Info.plist */ = {isa = PBXFileReference; lastKnownFileType = text.plist.xml; path = Info.plist; sourceTree = "<group>"; };
		6368CB13298F2EC800B7551C /* MFThumb.entitlements */ = {isa = PBXFileReference; lastKnownFileType = text.plist.entitlements; path = MFThumb.entitlements; sourceTree = "<group>"; };
		6368CB1A298F304700B7551C /* ThumbHost-Info.plist */ = {isa = PBXFileReference; lastKnownFileType = text.plist.xml; path = "ThumbHost-Info.plist"; sourceTree = "<group>"; };
		6368CB1E298F356F00B7551C /* ThumbnailGCode.m */ = {isa = PBXFileReference; fileEncoding = 4; lastKnownFileType = sourcecode.c.objc; path = ThumbnailGCode.m; sourceTree = "<group>"; };
		6368CB1F298F356F00B7551C /* ThumbnailGCode.h */ = {isa = PBXFileReference; fileEncoding = 4; lastKnownFileType = sourcecode.c.h; path = ThumbnailGCode.h; sourceTree = "<group>"; };
		6368CB27298F3FAB00B7551C /* Thumbnail3MF.h */ = {isa = PBXFileReference; lastKnownFileType = sourcecode.c.h; path = Thumbnail3MF.h; sourceTree = "<group>"; };
		6368CB28298F3FAB00B7551C /* Thumbnail3MF.m */ = {isa = PBXFileReference; lastKnownFileType = sourcecode.c.objc; path = Thumbnail3MF.m; sourceTree = "<group>"; };
		6368CB2B298F414800B7551C /* unzip.c */ = {isa = PBXFileReference; fileEncoding = 4; lastKnownFileType = sourcecode.c.c; path = unzip.c; sourceTree = "<group>"; };
		6368CB2C298F414800B7551C /* ioapi.c */ = {isa = PBXFileReference; fileEncoding = 4; lastKnownFileType = sourcecode.c.c; path = ioapi.c; sourceTree = "<group>"; };
		6368CB2E298F414800B7551C /* unzip.h */ = {isa = PBXFileReference; fileEncoding = 4; lastKnownFileType = sourcecode.c.h; path = unzip.h; sourceTree = "<group>"; };
		6368CB2F298F414800B7551C /* ioapi.h */ = {isa = PBXFileReference; fileEncoding = 4; lastKnownFileType = sourcecode.c.h; path = ioapi.h; sourceTree = "<group>"; };
		6368CB32298F42AF00B7551C /* Unzip3MF.h */ = {isa = PBXFileReference; lastKnownFileType = sourcecode.c.h; path = Unzip3MF.h; sourceTree = "<group>"; };
		6368CB33298F42AF00B7551C /* Unzip3MF.m */ = {isa = PBXFileReference; lastKnownFileType = sourcecode.c.objc; path = Unzip3MF.m; sourceTree = "<group>"; };
		639DDB27298F60A1000038DE /* ThumbHost3mf.entitlements */ = {isa = PBXFileReference; lastKnownFileType = text.plist.entitlements; path = ThumbHost3mf.entitlements; sourceTree = "<group>"; };
		63CEA49C2B25960A00958BC3 /* ThumbnailBinaryGCode.h */ = {isa = PBXFileReference; lastKnownFileType = sourcecode.c.h; path = ThumbnailBinaryGCode.h; sourceTree = "<group>"; };
		63CEA49D2B25960A00958BC3 /* ThumbnailBinaryGCode.m */ = {isa = PBXFileReference; lastKnownFileType = sourcecode.c.objc; path = ThumbnailBinaryGCode.m; sourceTree = "<group>"; };
		63CEA4A42B266CBE00958BC3 /* QOIFImageFromData.h */ = {isa = PBXFileReference; lastKnownFileType = sourcecode.c.h; path = QOIFImageFromData.h; sourceTree = "<group>"; };
		63CEA4A52B266CBE00958BC3 /* QOIFImageFromData.m */ = {isa = PBXFileReference; lastKnownFileType = sourcecode.c.objc; path = QOIFImageFromData.m; sourceTree = "<group>"; };
/* End PBXFileReference section */

/* Begin PBXFrameworksBuildPhase section */
		6368CAD2298F261500B7551C /* Frameworks */ = {
			isa = PBXFrameworksBuildPhase;
			buildActionMask = 2147483647;
			files = (
			);
			runOnlyForDeploymentPostprocessing = 0;
		};
		6368CB07298F2EC800B7551C /* Frameworks */ = {
			isa = PBXFrameworksBuildPhase;
			buildActionMask = 2147483647;
			files = (
				6368CB0C298F2EC800B7551C /* QuickLookThumbnailing.framework in Frameworks */,
				6368CB0D298F2EC800B7551C /* Quartz.framework in Frameworks */,
			);
			runOnlyForDeploymentPostprocessing = 0;
		};
/* End PBXFrameworksBuildPhase section */

/* Begin PBXGroup section */
		6368CACC298F261500B7551C = {
			isa = PBXGroup;
			children = (
				6368CAD7298F261500B7551C /* ThumbHost3mf */,
				6368CB0E298F2EC800B7551C /* Thumb3mf */,
				6368CAED298F264300B7551C /* Frameworks */,
				6368CAD6298F261500B7551C /* Products */,
			);
			sourceTree = "<group>";
		};
		6368CAD6298F261500B7551C /* Products */ = {
			isa = PBXGroup;
			children = (
				6368CAD5298F261500B7551C /* ThumbHost3mf.app */,
				6368CB0A298F2EC800B7551C /* ThumbMF3.appex */,
			);
			name = Products;
			sourceTree = "<group>";
		};
		6368CAD7298F261500B7551C /* ThumbHost3mf */ = {
			isa = PBXGroup;
			children = (
				639DDB27298F60A1000038DE /* ThumbHost3mf.entitlements */,
				6368CB1A298F304700B7551C /* ThumbHost-Info.plist */,
				6368CAD8298F261500B7551C /* AppDelegate.h */,
				6368CAD9298F261500B7551C /* AppDelegate.m */,
				63109BEC2C9CD8070025BE4A /* ImageView.h */,
				63109BED2C9CD8070025BE4A /* ImageView.m */,
				6368CADB298F261500B7551C /* Assets.xcassets */,
				6368CADD298F261500B7551C /* MainMenu.xib */,
				6368CAE0298F261500B7551C /* main.m */,
			);
			path = ThumbHost3mf;
			sourceTree = "<group>";
		};
		6368CAED298F264300B7551C /* Frameworks */ = {
			isa = PBXGroup;
			children = (
				6368CAEE298F264300B7551C /* Quartz.framework */,
				6368CB0B298F2EC800B7551C /* QuickLookThumbnailing.framework */,
			);
			name = Frameworks;
			sourceTree = "<group>";
		};
		6368CB0E298F2EC800B7551C /* Thumb3mf */ = {
			isa = PBXGroup;
			children = (
				6368CB2A298F414800B7551C /* minizip */,
				63CEA4A42B266CBE00958BC3 /* QOIFImageFromData.h */,
				63CEA4A52B266CBE00958BC3 /* QOIFImageFromData.m */,
				6368CB1F298F356F00B7551C /* ThumbnailGCode.h */,
				6368CB1E298F356F00B7551C /* ThumbnailGCode.m */,
				63CEA49C2B25960A00958BC3 /* ThumbnailBinaryGCode.h */,
				63CEA49D2B25960A00958BC3 /* ThumbnailBinaryGCode.m */,
				6368CB0F298F2EC800B7551C /* ThumbnailProvider.h */,
				6368CB10298F2EC800B7551C /* ThumbnailProvider.m */,
				6368CB27298F3FAB00B7551C /* Thumbnail3MF.h */,
				6368CB28298F3FAB00B7551C /* Thumbnail3MF.m */,
				6368CB32298F42AF00B7551C /* Unzip3MF.h */,
				6368CB33298F42AF00B7551C /* Unzip3MF.m */,
				6368CB12298F2EC800B7551C /* Info.plist */,
				6368CB13298F2EC800B7551C /* MFThumb.entitlements */,
			);
			path = Thumb3mf;
			sourceTree = "<group>";
		};
		6368CB2A298F414800B7551C /* minizip */ = {
			isa = PBXGroup;
			children = (
				6330CDE22D4EF7840078E5F6 /* ReadMe - minizip.md */,
				6368CB2B298F414800B7551C /* unzip.c */,
				6368CB2C298F414800B7551C /* ioapi.c */,
				6368CB2E298F414800B7551C /* unzip.h */,
				6368CB2F298F414800B7551C /* ioapi.h */,
			);
			path = minizip;
			sourceTree = "<group>";
		};
/* End PBXGroup section */

/* Begin PBXNativeTarget section */
		6368CAD4298F261500B7551C /* ThumbHost3mf */ = {
			isa = PBXNativeTarget;
			buildConfigurationList = 6368CAE5298F261500B7551C /* Build configuration list for PBXNativeTarget "ThumbHost3mf" */;
			buildPhases = (
				6368CAD1298F261500B7551C /* Sources */,
				6368CAD2298F261500B7551C /* Frameworks */,
				6368CAD3298F261500B7551C /* Resources */,
				6368CB02298F264300B7551C /* Embed Foundation Extensions */,
			);
			buildRules = (
			);
			dependencies = (
				6368CB15298F2EC800B7551C /* PBXTargetDependency */,
			);
			name = ThumbHost3mf;
			productName = ThumbHost3mf;
			productReference = 6368CAD5298F261500B7551C /* ThumbHost3mf.app */;
			productType = "com.apple.product-type.application";
		};
		6368CB09298F2EC800B7551C /* ThumbMF3 */ = {
			isa = PBXNativeTarget;
			buildConfigurationList = 6368CB19298F2EC800B7551C /* Build configuration list for PBXNativeTarget "ThumbMF3" */;
			buildPhases = (
				6368CB06298F2EC800B7551C /* Sources */,
				6368CB07298F2EC800B7551C /* Frameworks */,
				6368CB08298F2EC800B7551C /* Resources */,
			);
			buildRules = (
			);
			dependencies = (
			);
			name = ThumbMF3;
			productName = 3MFThumb;
			productReference = 6368CB0A298F2EC800B7551C /* ThumbMF3.appex */;
			productType = "com.apple.product-type.app-extension";
		};
/* End PBXNativeTarget section */

/* Begin PBXProject section */
		6368CACD298F261500B7551C /* Project object */ = {
			isa = PBXProject;
			attributes = {
				BuildIndependentTargetsInParallel = 1;
				LastUpgradeCheck = 1540;
				TargetAttributes = {
					6368CAD4298F261500B7551C = {
						CreatedOnToolsVersion = 14.1;
					};
					6368CB09298F2EC800B7551C = {
						CreatedOnToolsVersion = 14.1;
					};
				};
			};
			buildConfigurationList = 6368CAD0298F261500B7551C /* Build configuration list for PBXProject "ThumbHost3mf" */;
			compatibilityVersion = "Xcode 12.0";
			developmentRegion = en;
			hasScannedForEncodings = 0;
			knownRegions = (
				en,
				Base,
			);
			mainGroup = 6368CACC298F261500B7551C;
			productRefGroup = 6368CAD6298F261500B7551C /* Products */;
			projectDirPath = "";
			projectRoot = "";
			targets = (
				6368CAD4298F261500B7551C /* ThumbHost3mf */,
				6368CB09298F2EC800B7551C /* ThumbMF3 */,
			);
		};
/* End PBXProject section */

/* Begin PBXResourcesBuildPhase section */
		6368CAD3298F261500B7551C /* Resources */ = {
			isa = PBXResourcesBuildPhase;
			buildActionMask = 2147483647;
			files = (
				6368CADC298F261500B7551C /* Assets.xcassets in Resources */,
				6368CADF298F261500B7551C /* MainMenu.xib in Resources */,
			);
			runOnlyForDeploymentPostprocessing = 0;
		};
		6368CB08298F2EC800B7551C /* Resources */ = {
			isa = PBXResourcesBuildPhase;
			buildActionMask = 2147483647;
			files = (
			);
			runOnlyForDeploymentPostprocessing = 0;
		};
/* End PBXResourcesBuildPhase section */

/* Begin PBXSourcesBuildPhase section */
		6368CAD1298F261500B7551C /* Sources */ = {
			isa = PBXSourcesBuildPhase;
			buildActionMask = 2147483647;
			files = (
				6368CB36298F43A400B7551C /* unzip.c in Sources */,
				63CEA4A62B266CBE00958BC3 /* QOIFImageFromData.m in Sources */,
				6368CAE1298F261500B7551C /* main.m in Sources */,
				63CEA49E2B25960A00958BC3 /* ThumbnailBinaryGCode.m in Sources */,
				6368CADA298F261500B7551C /* AppDelegate.m in Sources */,
				6368CB39298F5BC800B7551C /* Thumbnail3MF.m in Sources */,
				63109BEE2C9CD8070025BE4A /* ImageView.m in Sources */,
				6368CB35298F439D00B7551C /* Unzip3MF.m in Sources */,
				6368CB38298F492800B7551C /* ThumbnailGCode.m in Sources */,
				6368CB37298F43A700B7551C /* ioapi.c in Sources */,
			);
			runOnlyForDeploymentPostprocessing = 0;
		};
		6368CB06298F2EC800B7551C /* Sources */ = {
			isa = PBXSourcesBuildPhase;
			buildActionMask = 2147483647;
			files = (
				6368CB29298F3FAB00B7551C /* Thumbnail3MF.m in Sources */,
				63CEA49F2B25960A00958BC3 /* ThumbnailBinaryGCode.m in Sources */,
				6368CB34298F42AF00B7551C /* Unzip3MF.m in Sources */,
				6368CB20298F356F00B7551C /* ThumbnailGCode.m in Sources */,
				6368CB30298F414800B7551C /* unzip.c in Sources */,
				6368CB11298F2EC800B7551C /* ThumbnailProvider.m in Sources */,
				63CEA4A72B266CBE00958BC3 /* QOIFImageFromData.m in Sources */,
				6368CB31298F414800B7551C /* ioapi.c in Sources */,
			);
			runOnlyForDeploymentPostprocessing = 0;
		};
/* End PBXSourcesBuildPhase section */

/* Begin PBXTargetDependency section */
		6368CB15298F2EC800B7551C /* PBXTargetDependency */ = {
			isa = PBXTargetDependency;
			target = 6368CB09298F2EC800B7551C /* ThumbMF3 */;
			targetProxy = 6368CB14298F2EC800B7551C /* PBXContainerItemProxy */;
		};
/* End PBXTargetDependency section */

/* Begin PBXVariantGroup section */
		6368CADD298F261500B7551C /* MainMenu.xib */ = {
			isa = PBXVariantGroup;
			children = (
				6368CADE298F261500B7551C /* Base */,
			);
			name = MainMenu.xib;
			sourceTree = "<group>";
		};
/* End PBXVariantGroup section */

/* Begin XCBuildConfiguration section */
		6368CAE3298F261500B7551C /* Debug */ = {
			isa = XCBuildConfiguration;
			buildSettings = {
				ALWAYS_SEARCH_USER_PATHS = NO;
				CLANG_ANALYZER_NONNULL = YES;
				CLANG_ANALYZER_NUMBER_OBJECT_CONVERSION = YES_AGGRESSIVE;
				CLANG_CXX_LANGUAGE_STANDARD = "gnu++20";
				CLANG_ENABLE_MODULES = YES;
				CLANG_ENABLE_OBJC_ARC = YES;
				CLANG_ENABLE_OBJC_WEAK = YES;
				CLANG_WARN_BLOCK_CAPTURE_AUTORELEASING = YES;
				CLANG_WARN_BOOL_CONVERSION = YES;
				CLANG_WARN_COMMA = YES;
				CLANG_WARN_CONSTANT_CONVERSION = YES;
				CLANG_WARN_DEPRECATED_OBJC_IMPLEMENTATIONS = YES;
				CLANG_WARN_DIRECT_OBJC_ISA_USAGE = YES_ERROR;
				CLANG_WARN_DOCUMENTATION_COMMENTS = YES;
				CLANG_WARN_EMPTY_BODY = YES;
				CLANG_WARN_ENUM_CONVERSION = YES;
				CLANG_WARN_INFINITE_RECURSION = YES;
				CLANG_WARN_INT_CONVERSION = YES;
				CLANG_WARN_NON_LITERAL_NULL_CONVERSION = YES;
				CLANG_WARN_OBJC_IMPLICIT_RETAIN_SELF = YES;
				CLANG_WARN_OBJC_LITERAL_CONVERSION = YES;
				CLANG_WARN_OBJC_ROOT_CLASS = YES_ERROR;
				CLANG_WARN_QUOTED_INCLUDE_IN_FRAMEWORK_HEADER = YES;
				CLANG_WARN_RANGE_LOOP_ANALYSIS = YES;
				CLANG_WARN_STRICT_PROTOTYPES = YES;
				CLANG_WARN_SUSPICIOUS_MOVE = YES;
				CLANG_WARN_UNGUARDED_AVAILABILITY = YES_AGGRESSIVE;
				CLANG_WARN_UNREACHABLE_CODE = YES;
				CLANG_WARN__DUPLICATE_METHOD_MATCH = YES;
				COPY_PHASE_STRIP = NO;
				DEAD_CODE_STRIPPING = YES;
				DEBUG_INFORMATION_FORMAT = dwarf;
				DEVELOPER_PREFIX = com.example;
				ENABLE_STRICT_OBJC_MSGSEND = YES;
				ENABLE_TESTABILITY = YES;
				ENABLE_USER_SCRIPT_SANDBOXING = YES;
				GCC_C_LANGUAGE_STANDARD = gnu11;
				GCC_DYNAMIC_NO_PIC = NO;
				GCC_NO_COMMON_BLOCKS = YES;
				GCC_OPTIMIZATION_LEVEL = 0;
				GCC_PREPROCESSOR_DEFINITIONS = (
					"NOUNCRYPT=1",
					"DEBUG=1",
					"SUITE_NAME=\"$(SUITE_NAME)\"",
					"$(inherited)",
				);
				GCC_WARN_64_TO_32_BIT_CONVERSION = YES;
				GCC_WARN_ABOUT_RETURN_TYPE = YES_ERROR;
				GCC_WARN_UNDECLARED_SELECTOR = YES;
				GCC_WARN_UNINITIALIZED_AUTOS = YES_AGGRESSIVE;
				GCC_WARN_UNUSED_FUNCTION = YES;
				GCC_WARN_UNUSED_VARIABLE = YES;
				GROUPSUFFIX = "${DEVELOPER_PREFIX}.-mf";
				MACOSX_DEPLOYMENT_TARGET = 13.0;
				MTL_ENABLE_DEBUG_INFO = INCLUDE_SOURCE;
				MTL_FAST_MATH = YES;
				ONLY_ACTIVE_ARCH = YES;
				SDKROOT = macosx;
				SUITE_NAME = "$(DEVELOPMENT_TEAM).$(GROUPSUFFIX)";
			};
			name = Debug;
		};
		6368CAE4298F261500B7551C /* Release */ = {
			isa = XCBuildConfiguration;
			buildSettings = {
				ALWAYS_SEARCH_USER_PATHS = NO;
				CLANG_ANALYZER_NONNULL = YES;
				CLANG_ANALYZER_NUMBER_OBJECT_CONVERSION = YES_AGGRESSIVE;
				CLANG_CXX_LANGUAGE_STANDARD = "gnu++20";
				CLANG_ENABLE_MODULES = YES;
				CLANG_ENABLE_OBJC_ARC = YES;
				CLANG_ENABLE_OBJC_WEAK = YES;
				CLANG_WARN_BLOCK_CAPTURE_AUTORELEASING = YES;
				CLANG_WARN_BOOL_CONVERSION = YES;
				CLANG_WARN_COMMA = YES;
				CLANG_WARN_CONSTANT_CONVERSION = YES;
				CLANG_WARN_DEPRECATED_OBJC_IMPLEMENTATIONS = YES;
				CLANG_WARN_DIRECT_OBJC_ISA_USAGE = YES_ERROR;
				CLANG_WARN_DOCUMENTATION_COMMENTS = YES;
				CLANG_WARN_EMPTY_BODY = YES;
				CLANG_WARN_ENUM_CONVERSION = YES;
				CLANG_WARN_INFINITE_RECURSION = YES;
				CLANG_WARN_INT_CONVERSION = YES;
				CLANG_WARN_NON_LITERAL_NULL_CONVERSION = YES;
				CLANG_WARN_OBJC_IMPLICIT_RETAIN_SELF = YES;
				CLANG_WARN_OBJC_LITERAL_CONVERSION = YES;
				CLANG_WARN_OBJC_ROOT_CLASS = YES_ERROR;
				CLANG_WARN_QUOTED_INCLUDE_IN_FRAMEWORK_HEADER = YES;
				CLANG_WARN_RANGE_LOOP_ANALYSIS = YES;
				CLANG_WARN_STRICT_PROTOTYPES = YES;
				CLANG_WARN_SUSPICIOUS_MOVE = YES;
				CLANG_WARN_UNGUARDED_AVAILABILITY = YES_AGGRESSIVE;
				CLANG_WARN_UNREACHABLE_CODE = YES;
				CLANG_WARN__DUPLICATE_METHOD_MATCH = YES;
				COPY_PHASE_STRIP = NO;
				DEAD_CODE_STRIPPING = YES;
				DEBUG_INFORMATION_FORMAT = "dwarf-with-dsym";
				DEVELOPER_PREFIX = com.example;
				ENABLE_NS_ASSERTIONS = NO;
				ENABLE_STRICT_OBJC_MSGSEND = YES;
				ENABLE_USER_SCRIPT_SANDBOXING = YES;
				GCC_C_LANGUAGE_STANDARD = gnu11;
				GCC_NO_COMMON_BLOCKS = YES;
				GCC_PREPROCESSOR_DEFINITIONS = (
					"NOUNCRYPT=1",
					"SUITE_NAME=\"$(SUITE_NAME)\"",
				);
				GCC_WARN_64_TO_32_BIT_CONVERSION = YES;
				GCC_WARN_ABOUT_RETURN_TYPE = YES_ERROR;
				GCC_WARN_UNDECLARED_SELECTOR = YES;
				GCC_WARN_UNINITIALIZED_AUTOS = YES_AGGRESSIVE;
				GCC_WARN_UNUSED_FUNCTION = YES;
				GCC_WARN_UNUSED_VARIABLE = YES;
				GROUPSUFFIX = "${DEVELOPER_PREFIX}.-mf";
				MACOSX_DEPLOYMENT_TARGET = 13.0;
				MTL_ENABLE_DEBUG_INFO = NO;
				MTL_FAST_MATH = YES;
				SDKROOT = macosx;
				SUITE_NAME = "$(DEVELOPMENT_TEAM).$(GROUPSUFFIX)";
			};
			name = Release;
		};
		6368CAE6298F261500B7551C /* Debug */ = {
			isa = XCBuildConfiguration;
			buildSettings = {
				ASSETCATALOG_COMPILER_APPICON_NAME = AppIcon;
				ASSETCATALOG_COMPILER_GLOBAL_ACCENT_COLOR_NAME = AccentColor;
				CODE_SIGN_ENTITLEMENTS = ThumbHost3mf/ThumbHost3mf.entitlements;
				CODE_SIGN_IDENTITY = "Apple Development";
				"CODE_SIGN_IDENTITY[sdk=macosx*]" = "Apple Development";
				CODE_SIGN_STYLE = Automatic;
				COMBINE_HIDPI_IMAGES = YES;
				CURRENT_PROJECT_VERSION = 1.7.1;
				DEAD_CODE_STRIPPING = YES;
				ENABLE_HARDENED_RUNTIME = YES;
				GENERATE_INFOPLIST_FILE = YES;
				INFOPLIST_FILE = "ThumbHost3mf/ThumbHost-Info.plist";
				INFOPLIST_KEY_LSApplicationCategoryType = "public.app-category.utilities";
				INFOPLIST_KEY_NSHumanReadableCopyright = "";
				INFOPLIST_KEY_NSMainNibFile = MainMenu;
				INFOPLIST_KEY_NSPrincipalClass = NSApplication;
				LD_RUNPATH_SEARCH_PATHS = (
					"$(inherited)",
					"@executable_path/../Frameworks",
				);
				MACOSX_DEPLOYMENT_TARGET = 10.15;
				MARKETING_VERSION = "$(CURRENT_PROJECT_VERSION)";
				PRODUCT_BUNDLE_IDENTIFIER = "${DEVELOPER_PREFIX}.-mfQuickLook";
				PRODUCT_NAME = "$(TARGET_NAME)";
				SWIFT_EMIT_LOC_STRINGS = YES;
			};
			name = Debug;
		};
		6368CAE7298F261500B7551C /* Release */ = {
			isa = XCBuildConfiguration;
			buildSettings = {
				ASSETCATALOG_COMPILER_APPICON_NAME = AppIcon;
				ASSETCATALOG_COMPILER_GLOBAL_ACCENT_COLOR_NAME = AccentColor;
				CODE_SIGN_ENTITLEMENTS = ThumbHost3mf/ThumbHost3mf.entitlements;
				CODE_SIGN_IDENTITY = "Apple Development";
				"CODE_SIGN_IDENTITY[sdk=macosx*]" = "Apple Development";
				CODE_SIGN_STYLE = Automatic;
				COMBINE_HIDPI_IMAGES = YES;
				CURRENT_PROJECT_VERSION = 1.7.1;
				DEAD_CODE_STRIPPING = YES;
				ENABLE_HARDENED_RUNTIME = YES;
				GENERATE_INFOPLIST_FILE = YES;
				INFOPLIST_FILE = "ThumbHost3mf/ThumbHost-Info.plist";
				INFOPLIST_KEY_LSApplicationCategoryType = "public.app-category.utilities";
				INFOPLIST_KEY_NSHumanReadableCopyright = "";
				INFOPLIST_KEY_NSMainNibFile = MainMenu;
				INFOPLIST_KEY_NSPrincipalClass = NSApplication;
				LD_RUNPATH_SEARCH_PATHS = (
					"$(inherited)",
					"@executable_path/../Frameworks",
				);
				MACOSX_DEPLOYMENT_TARGET = 10.15;
				MARKETING_VERSION = "$(CURRENT_PROJECT_VERSION)";
				PRODUCT_BUNDLE_IDENTIFIER = "${DEVELOPER_PREFIX}.-mfQuickLook";
				PRODUCT_NAME = "$(TARGET_NAME)";
				SWIFT_EMIT_LOC_STRINGS = YES;
			};
			name = Release;
		};
		6368CB17298F2EC800B7551C /* Debug */ = {
			isa = XCBuildConfiguration;
			buildSettings = {
				CODE_SIGN_ENTITLEMENTS = Thumb3mf/MFThumb.entitlements;
				"CODE_SIGN_IDENTITY[sdk=macosx*]" = "Apple Development";
				CODE_SIGN_STYLE = Automatic;
				CURRENT_PROJECT_VERSION = 1.7.0;
				DEAD_CODE_STRIPPING = YES;
				ENABLE_HARDENED_RUNTIME = YES;
				GENERATE_INFOPLIST_FILE = YES;
				INFOPLIST_FILE = Thumb3mf/Info.plist;
				INFOPLIST_KEY_CFBundleDisplayName = Thumb3mf;
				INFOPLIST_KEY_NSHumanReadableCopyright = "";
				LD_RUNPATH_SEARCH_PATHS = (
					"$(inherited)",
					"@executable_path/../Frameworks",
					"@executable_path/../../../../Frameworks",
				);
				MACOSX_DEPLOYMENT_TARGET = 10.15;
				MARKETING_VERSION = 1.7.0;
				PRODUCT_BUNDLE_IDENTIFIER = "${DEVELOPER_PREFIX}.-mfQuickLook.-MFThumb";
				PRODUCT_NAME = "$(TARGET_NAME)";
				SKIP_INSTALL = YES;
				SWIFT_EMIT_LOC_STRINGS = YES;
			};
			name = Debug;
		};
		6368CB18298F2EC800B7551C /* Release */ = {
			isa = XCBuildConfiguration;
			buildSettings = {
				CODE_SIGN_ENTITLEMENTS = Thumb3mf/MFThumb.entitlements;
				"CODE_SIGN_IDENTITY[sdk=macosx*]" = "Apple Development";
				CODE_SIGN_STYLE = Automatic;
				CURRENT_PROJECT_VERSION = 1.7.0;
				DEAD_CODE_STRIPPING = YES;
				ENABLE_HARDENED_RUNTIME = YES;
				GENERATE_INFOPLIST_FILE = YES;
				INFOPLIST_FILE = Thumb3mf/Info.plist;
				INFOPLIST_KEY_CFBundleDisplayName = Thumb3mf;
				INFOPLIST_KEY_NSHumanReadableCopyright = "";
				LD_RUNPATH_SEARCH_PATHS = (
					"$(inherited)",
					"@executable_path/../Frameworks",
					"@executable_path/../../../../Frameworks",
				);
				MACOSX_DEPLOYMENT_TARGET = 10.15;
				MARKETING_VERSION = 1.7.0;
				PRODUCT_BUNDLE_IDENTIFIER = "${DEVELOPER_PREFIX}.-mfQuickLook.-MFThumb";
				PRODUCT_NAME = "$(TARGET_NAME)";
				SKIP_INSTALL = YES;
				SWIFT_EMIT_LOC_STRINGS = YES;
			};
			name = Release;
		};
/* End XCBuildConfiguration section */

/* Begin XCConfigurationList section */
		6368CAD0298F261500B7551C /* Build configuration list for PBXProject "ThumbHost3mf" */ = {
			isa = XCConfigurationList;
			buildConfigurations = (
				6368CAE3298F261500B7551C /* Debug */,
				6368CAE4298F261500B7551C /* Release */,
			);
			defaultConfigurationIsVisible = 0;
			defaultConfigurationName = Release;
		};
		6368CAE5298F261500B7551C /* Build configuration list for PBXNativeTarget "ThumbHost3mf" */ = {
			isa = XCConfigurationList;
			buildConfigurations = (
				6368CAE6298F261500B7551C /* Debug */,
				6368CAE7298F261500B7551C /* Release */,
			);
			defaultConfigurationIsVisible = 0;
			defaultConfigurationName = Release;
		};
		6368CB19298F2EC800B7551C /* Build configuration list for PBXNativeTarget "ThumbMF3" */ = {
			isa = XCConfigurationList;
			buildConfigurations = (
				6368CB17298F2EC800B7551C /* Debug */,
				6368CB18298F2EC800B7551C /* Release */,
			);
			defaultConfigurationIsVisible = 0;
			defaultConfigurationName = Release;
		};
/* End XCConfigurationList section */
	};
	rootObject = 6368CACD298F261500B7551C /* Project object */;
}
